
Microsoft Visual Studio Solution File, Format Version 12.00
# Visual Studio 15
VisualStudioVersion = 15.0.27703.2000
MinimumVisualStudioVersion = 10.0.40219.1
Project("{FAE04EC0-301F-11D3-BF4B-00C04F79EFBC}") = "WcfServiceHost", "WcfServiceHost\WcfServiceHost.csproj", "{20BCEB33-D34C-4DD9-9BF7-CD862696DD25}"
EndProject
Project("{FAE04EC0-301F-11D3-BF4B-00C04F79EFBC}") = "WcfServiceClient", "WcfServiceClient\WcfServiceClient.csproj", "{E8E9722E-483D-44B3-AE8D-20ADC3505816}"
EndProject
Project("{FAE04EC0-301F-11D3-BF4B-00C04F79EFBC}") = "WcfService", "WcfService\WcfService.csproj", "{14AA5021-4D48-4885-AB64-2394E006F292}"
EndProject
Global
	GlobalSection(SolutionConfigurationPlatforms) = preSolution
		Debug|Any CPU = Debug|Any CPU
		Release|Any CPU = Release|Any CPU
	EndGlobalSection
	GlobalSection(ProjectConfigurationPlatforms) = postSolution
		{20BCEB33-D34C-4DD9-9BF7-CD862696DD25}.Debug|Any CPU.ActiveCfg = Debug|Any CPU
		{20BCEB33-D34C-4DD9-9BF7-CD862696DD25}.Debug|Any CPU.Build.0 = Debug|Any CPU
		{20BCEB33-D34C-4DD9-9BF7-CD862696DD25}.Release|Any CPU.ActiveCfg = Release|Any CPU
		{20BCEB33-D34C-4DD9-9BF7-CD862696DD25}.Release|Any CPU.Build.0 = Release|Any CPU
		{E8E9722E-483D-44B3-AE8D-20ADC3505816}.Debug|Any CPU.ActiveCfg = Debug|Any CPU
		{E8E9722E-483D-44B3-AE8D-20ADC3505816}.Debug|Any CPU.Build.0 = Debug|Any CPU
		{E8E9722E-483D-44B3-AE8D-20ADC3505816}.Release|Any CPU.ActiveCfg = Release|Any CPU
		{E8E9722E-483D-44B3-AE8D-20ADC3505816}.Release|Any CPU.Build.0 = Release|Any CPU
		{14AA5021-4D48-4885-AB64-2394E006F292}.Debug|Any CPU.ActiveCfg = Debug|Any CPU
		{14AA5021-4D48-4885-AB64-2394E006F292}.Debug|Any CPU.Build.0 = Debug|Any CPU
		{14AA5021-4D48-4885-AB64-2394E006F292}.Release|Any CPU.ActiveCfg = Release|Any CPU
		{14AA5021-4D48-4885-AB64-2394E006F292}.Release|Any CPU.Build.0 = Release|Any CPU
	EndGlobalSection
	GlobalSection(SolutionProperties) = preSolution
		HideSolutionNode = FALSE
	EndGlobalSection
EndGlobal
