
Microsoft Visual Studio Solution File, Format Version 12.00
# Visual Studio 15
VisualStudioVersion = 15.0.27703.2000
MinimumVisualStudioVersion = 10.0.40219.1
Project("{FAE04EC0-301F-11D3-BF4B-00C04F79EFBC}") = "MessageQueuer", "MessageQueuer\MessageQueuer.csproj", "{010FEE61-8A52-45A2-94B4-EC17EB40A635}"
EndProject
Project("{FAE04EC0-301F-11D3-BF4B-00C04F79EFBC}") = "MessageProcessor", "MessageProcessor\MessageProcessor.csproj", "{2F2B4E1F-FF21-4C80-BF96-2EAFEFE295EE}"
EndProject
Project("{FAE04EC0-301F-11D3-BF4B-00C04F79EFBC}") = "Definitions", "Definitions\Definitions.csproj", "{CD448E43-0ACA-418C-93AF-9D62E202B186}"
EndProject
Global
	GlobalSection(SolutionConfigurationPlatforms) = preSolution
		Debug|Any CPU = Debug|Any CPU
		Release|Any CPU = Release|Any CPU
	EndGlobalSection
	GlobalSection(ProjectConfigurationPlatforms) = postSolution
		{010FEE61-8A52-45A2-94B4-EC17EB40A635}.Debug|Any CPU.ActiveCfg = Debug|Any CPU
		{010FEE61-8A52-45A2-94B4-EC17EB40A635}.Debug|Any CPU.Build.0 = Debug|Any CPU
		{010FEE61-8A52-45A2-94B4-EC17EB40A635}.Release|Any CPU.ActiveCfg = Release|Any CPU
		{010FEE61-8A52-45A2-94B4-EC17EB40A635}.Release|Any CPU.Build.0 = Release|Any CPU
		{2F2B4E1F-FF21-4C80-BF96-2EAFEFE295EE}.Debug|Any CPU.ActiveCfg = Debug|Any CPU
		{2F2B4E1F-FF21-4C80-BF96-2EAFEFE295EE}.Debug|Any CPU.Build.0 = Debug|Any CPU
		{2F2B4E1F-FF21-4C80-BF96-2EAFEFE295EE}.Release|Any CPU.ActiveCfg = Release|Any CPU
		{2F2B4E1F-FF21-4C80-BF96-2EAFEFE295EE}.Release|Any CPU.Build.0 = Release|Any CPU
		{CD448E43-0ACA-418C-93AF-9D62E202B186}.Debug|Any CPU.ActiveCfg = Debug|Any CPU
		{CD448E43-0ACA-418C-93AF-9D62E202B186}.Debug|Any CPU.Build.0 = Debug|Any CPU
		{CD448E43-0ACA-418C-93AF-9D62E202B186}.Release|Any CPU.ActiveCfg = Release|Any CPU
		{CD448E43-0ACA-418C-93AF-9D62E202B186}.Release|Any CPU.Build.0 = Release|Any CPU
	EndGlobalSection
	GlobalSection(SolutionProperties) = preSolution
		HideSolutionNode = FALSE
	EndGlobalSection
EndGlobal
